
Microsoft Visual Studio Solution File, Format Version 12.00
# Visual Studio Version 17
VisualStudioVersion = 17.14.36518.9 d17.14
MinimumVisualStudioVersion = 10.0.40219.1
Project("{FAE04EC0-301F-11D3-BF4B-00C04F79EFBC}") = "BH_Simulation", "BH_Simulation\BH_Simulation.csproj", "{B61BA183-E3C9-4481-96B2-F6EBFA1110D4}"
EndProject
Global
	GlobalSection(SolutionConfigurationPlatforms) = preSolution
		Debug|Any CPU = Debug|Any CPU
		Release|Any CPU = Release|Any CPU
	EndGlobalSection
	GlobalSection(ProjectConfigurationPlatforms) = postSolution
		{B61BA183-E3C9-4481-96B2-F6EBFA1110D4}.Debug|Any CPU.ActiveCfg = Debug|Any CPU
		{B61BA183-E3C9-4481-96B2-F6EBFA1110D4}.Debug|Any CPU.Build.0 = Debug|Any CPU
		{B61BA183-E3C9-4481-96B2-F6EBFA1110D4}.Release|Any CPU.ActiveCfg = Release|Any CPU
		{B61BA183-E3C9-4481-96B2-F6EBFA1110D4}.Release|Any CPU.Build.0 = Release|Any CPU
	EndGlobalSection
	GlobalSection(SolutionProperties) = preSolution
		HideSolutionNode = FALSE
	EndGlobalSection
	GlobalSection(ExtensibilityGlobals) = postSolution
		SolutionGuid = {FA23096B-B52B-4098-9D3A-D5FE2A778744}
	EndGlobalSection
EndGlobal
